
Microsoft Visual Studio Solution File, Format Version 12.00
# Visual Studio Version 17
VisualStudioVersion = 17.12.36106.13 d17.12
MinimumVisualStudioVersion = 10.0.40219.1
Project("{FAE04EC0-301F-11D3-BF4B-00C04F79EFBC}") = "NHSS_RESTFull_Web_API", "NHSS_RESTFull_Web_API\NHSS_RESTFull_Web_API.csproj", "{FD28711F-F18A-4B08-91A6-53699406C5F8}"
EndProject
Project("{FAE04EC0-301F-11D3-BF4B-00C04F79EFBC}") = "NHSS_RESTFull_Web_API.Tests", "NHSS_RESTFull_Web_API.Tests\NHSS_RESTFull_Web_API.Tests.csproj", "{C434197E-6CCC-4287-93AB-0A7F71BAF472}"
EndProject
Global
	GlobalSection(SolutionConfigurationPlatforms) = preSolution
		Debug|Any CPU = Debug|Any CPU
		Release|Any CPU = Release|Any CPU
	EndGlobalSection
	GlobalSection(ProjectConfigurationPlatforms) = postSolution
		{FD28711F-F18A-4B08-91A6-53699406C5F8}.Debug|Any CPU.ActiveCfg = Debug|Any CPU
		{FD28711F-F18A-4B08-91A6-53699406C5F8}.Debug|Any CPU.Build.0 = Debug|Any CPU
		{FD28711F-F18A-4B08-91A6-53699406C5F8}.Release|Any CPU.ActiveCfg = Release|Any CPU
		{FD28711F-F18A-4B08-91A6-53699406C5F8}.Release|Any CPU.Build.0 = Release|Any CPU
		{C434197E-6CCC-4287-93AB-0A7F71BAF472}.Debug|Any CPU.ActiveCfg = Debug|Any CPU
		{C434197E-6CCC-4287-93AB-0A7F71BAF472}.Debug|Any CPU.Build.0 = Debug|Any CPU
		{C434197E-6CCC-4287-93AB-0A7F71BAF472}.Release|Any CPU.ActiveCfg = Release|Any CPU
		{C434197E-6CCC-4287-93AB-0A7F71BAF472}.Release|Any CPU.Build.0 = Release|Any CPU
	EndGlobalSection
	GlobalSection(SolutionProperties) = preSolution
		HideSolutionNode = FALSE
	EndGlobalSection
EndGlobal
